
Microsoft Visual Studio Solution File, Format Version 12.00
# Visual Studio 14
VisualStudioVersion = 14.0.24720.0
MinimumVisualStudioVersion = 10.0.40219.1
Project("{FAE04EC0-301F-11D3-BF4B-00C04F79EFBC}") = "Miron.LojaVirtual.Dominio", "Miron.LojaVirtual.Dominio\Miron.LojaVirtual.Dominio.csproj", "{01A70674-C033-47B0-8AC3-9A1F5B7154E3}"
EndProject
Project("{FAE04EC0-301F-11D3-BF4B-00C04F79EFBC}") = "Miron.LojaVirtual.Web", "Miron.LojaVirtual.Web\Miron.LojaVirtual.Web.csproj", "{43429C4F-E6D7-48F5-B138-7C1F0D39E130}"
EndProject
Project("{FAE04EC0-301F-11D3-BF4B-00C04F79EFBC}") = "Miron.LojaVirtual.UnitTest", "Miron.LojaVirtual.UnitTest\Miron.LojaVirtual.UnitTest.csproj", "{C6B4FB0F-2B68-4657-A954-66B3B15FB5F6}"
EndProject
Global
	GlobalSection(SolutionConfigurationPlatforms) = preSolution
		Debug|Any CPU = Debug|Any CPU
		Release|Any CPU = Release|Any CPU
	EndGlobalSection
	GlobalSection(ProjectConfigurationPlatforms) = postSolution
		{01A70674-C033-47B0-8AC3-9A1F5B7154E3}.Debug|Any CPU.ActiveCfg = Debug|Any CPU
		{01A70674-C033-47B0-8AC3-9A1F5B7154E3}.Debug|Any CPU.Build.0 = Debug|Any CPU
		{01A70674-C033-47B0-8AC3-9A1F5B7154E3}.Release|Any CPU.ActiveCfg = Release|Any CPU
		{01A70674-C033-47B0-8AC3-9A1F5B7154E3}.Release|Any CPU.Build.0 = Release|Any CPU
		{43429C4F-E6D7-48F5-B138-7C1F0D39E130}.Debug|Any CPU.ActiveCfg = Debug|Any CPU
		{43429C4F-E6D7-48F5-B138-7C1F0D39E130}.Debug|Any CPU.Build.0 = Debug|Any CPU
		{43429C4F-E6D7-48F5-B138-7C1F0D39E130}.Release|Any CPU.ActiveCfg = Release|Any CPU
		{43429C4F-E6D7-48F5-B138-7C1F0D39E130}.Release|Any CPU.Build.0 = Release|Any CPU
		{C6B4FB0F-2B68-4657-A954-66B3B15FB5F6}.Debug|Any CPU.ActiveCfg = Debug|Any CPU
		{C6B4FB0F-2B68-4657-A954-66B3B15FB5F6}.Debug|Any CPU.Build.0 = Debug|Any CPU
		{C6B4FB0F-2B68-4657-A954-66B3B15FB5F6}.Release|Any CPU.ActiveCfg = Release|Any CPU
		{C6B4FB0F-2B68-4657-A954-66B3B15FB5F6}.Release|Any CPU.Build.0 = Release|Any CPU
	EndGlobalSection
	GlobalSection(SolutionProperties) = preSolution
		HideSolutionNode = FALSE
	EndGlobalSection
EndGlobal
